
Microsoft Visual Studio Solution File, Format Version 12.00
# Visual Studio 15
VisualStudioVersion = 15.0.27703.2042
MinimumVisualStudioVersion = 10.0.40219.1
Project("{FAE04EC0-301F-11D3-BF4B-00C04F79EFBC}") = "Sistem_Pendukung_Keputusan", "Sistem_Pendukung_Keputusan\Sistem_Pendukung_Keputusan.csproj", "{48527FEB-28E5-43EE-9BD9-F998CBFAEDC3}"
EndProject
Global
	GlobalSection(SolutionConfigurationPlatforms) = preSolution
		Debug|Any CPU = Debug|Any CPU
		Release|Any CPU = Release|Any CPU
	EndGlobalSection
	GlobalSection(ProjectConfigurationPlatforms) = postSolution
		{48527FEB-28E5-43EE-9BD9-F998CBFAEDC3}.Debug|Any CPU.ActiveCfg = Debug|Any CPU
		{48527FEB-28E5-43EE-9BD9-F998CBFAEDC3}.Debug|Any CPU.Build.0 = Debug|Any CPU
		{48527FEB-28E5-43EE-9BD9-F998CBFAEDC3}.Release|Any CPU.ActiveCfg = Release|Any CPU
		{48527FEB-28E5-43EE-9BD9-F998CBFAEDC3}.Release|Any CPU.Build.0 = Release|Any CPU
	EndGlobalSection
	GlobalSection(SolutionProperties) = preSolution
		HideSolutionNode = FALSE
	EndGlobalSection
	GlobalSection(ExtensibilityGlobals) = postSolution
		SolutionGuid = {D198C4A2-DA22-456D-9756-787CFA018F6A}
	EndGlobalSection
EndGlobal
